{
  "requires": true,
  "lockfileVersion": 1,
  "dependencies": {
    "@glidejs/glide": {
      "version": "3.2.7",
      "resolved": "https://registry.npmjs.org/@glidejs/glide/-/glide-3.2.7.tgz",
      "integrity": "sha512-ufsSwK2gZUg+DePAe77RG9OYEW5scRHVNMimqahSxZu7SvMqAs1SFiB0+gln1BqEnaXXgjgoDhcjwA8eyleXDA=="
    },
    "vue": {
      "version": "2.6.10",
      "resolved": "https://registry.npmjs.org/vue/-/vue-2.6.10.tgz",
      "integrity": "sha512-ImThpeNU9HbdZL3utgMCq0oiMzAkt1mcgy3/E6zWC/G6AaQoeuFdsl9nDhTDU3X1R6FK7nsIUuRACVcjI+A2GQ=="
    },
    "vue-carousel-3d": {
      "version": "0.2.0",
      "resolved": "https://registry.npmjs.org/vue-carousel-3d/-/vue-carousel-3d-0.2.0.tgz",
      "integrity": "sha512-soZChzi9l81pvK0xgXlfEO+E2Oc1Uj9UPAC/KOBLJHr2VPDQwwybP3CVwlOlDRBeZF/KGn0oEtjQ6YjtjHW2ew=="
    },
    "vue-glide-js": {
      "version": "1.3.9",
      "resolved": "https://registry.npmjs.org/vue-glide-js/-/vue-glide-js-1.3.9.tgz",
      "integrity": "sha512-Rq2b/r8NQb0unN+volTZD+nnFCuVBKcN9KokYz4sCtaQwbFp4Wm+71svVrRW5GT755e2ejreWUkcq4J4wdTEhw==",
      "requires": {
        "@glidejs/glide": "^3.2.4",
        "vue": "^2.5.16"
      }
    }
  }
}
